// !$*UTF8*$!
{
	archiveVersion = 1;
	classes = {
	};
	objectVersion = 50;
	objects = {

/* Begin PBXBuildFile section */
		644BC13E23D865F200EB3C6D /* AppDelegate.swift in Sources */ = {isa = PBXBuildFile; fileRef = 644BC13D23D865F200EB3C6D /* AppDelegate.swift */; };
		644BC14023D865F200EB3C6D /* SceneDelegate.swift in Sources */ = {isa = PBXBuildFile; fileRef = 644BC13F23D865F200EB3C6D /* SceneDelegate.swift */; };
		644BC14223D865F200EB3C6D /* ViewController.swift in Sources */ = {isa = PBXBuildFile; fileRef = 644BC14123D865F200EB3C6D /* ViewController.swift */; };
		644BC14523D865F200EB3C6D /* Main.storyboard in Resources */ = {isa = PBXBuildFile; fileRef = 644BC14323D865F200EB3C6D /* Main.storyboard */; };
		644BC14723D865F500EB3C6D /* Assets.xcassets in Resources */ = {isa = PBXBuildFile; fileRef = 644BC14623D865F500EB3C6D /* Assets.xcassets */; };
		644BC14A23D865F500EB3C6D /* LaunchScreen.storyboard in Resources */ = {isa = PBXBuildFile; fileRef = 644BC14823D865F500EB3C6D /* LaunchScreen.storyboard */; };
		644BC15523D865F600EB3C6D /* ClientUITests.swift in Sources */ = {isa = PBXBuildFile; fileRef = 644BC15423D865F600EB3C6D /* ClientUITests.swift */; };
/* End PBXBuildFile section */

/* Begin PBXContainerItemProxy section */
		644BC15123D865F600EB3C6D /* PBXContainerItemProxy */ = {
			isa = PBXContainerItemProxy;
			containerPortal = 644BC13223D865F100EB3C6D /* Project object */;
			proxyType = 1;
			remoteGlobalIDString = 644BC13923D865F100EB3C6D;
			remoteInfo = Client;
		};
/* End PBXContainerItemProxy section */

/* Begin PBXFileReference section */
		644BC13A23D865F200EB3C6D /* Client.app */ = {isa = PBXFileReference; explicitFileType = wrapper.application; includeInIndex = 0; path = Client.app; sourceTree = BUILT_PRODUCTS_DIR; };
		644BC13D23D865F200EB3C6D /* AppDelegate.swift */ = {isa = PBXFileReference; lastKnownFileType = sourcecode.swift; path = AppDelegate.swift; sourceTree = "<group>"; };
		644BC13F23D865F200EB3C6D /* SceneDelegate.swift */ = {isa = PBXFileReference; lastKnownFileType = sourcecode.swift; path = SceneDelegate.swift; sourceTree = "<group>"; };
		644BC14123D865F200EB3C6D /* ViewController.swift */ = {isa = PBXFileReference; lastKnownFileType = sourcecode.swift; path = ViewController.swift; sourceTree = "<group>"; };
		644BC14423D865F200EB3C6D /* Base */ = {isa = PBXFileReference; lastKnownFileType = file.storyboard; name = Base; path = Base.lproj/Main.storyboard; sourceTree = "<group>"; };
		644BC14623D865F500EB3C6D /* Assets.xcassets */ = {isa = PBXFileReference; lastKnownFileType = folder.assetcatalog; path = Assets.xcassets; sourceTree = "<group>"; };
		644BC14923D865F500EB3C6D /* Base */ = {isa = PBXFileReference; lastKnownFileType = file.storyboard; name = Base; path = Base.lproj/LaunchScreen.storyboard; sourceTree = "<group>"; };
		644BC14B23D865F500EB3C6D /* Info.plist */ = {isa = PBXFileReference; lastKnownFileType = text.plist.xml; path = Info.plist; sourceTree = "<group>"; };
		644BC15023D865F600EB3C6D /* ClientUITests.xctest */ = {isa = PBXFileReference; explicitFileType = wrapper.cfbundle; includeInIndex = 0; path = ClientUITests.xctest; sourceTree = BUILT_PRODUCTS_DIR; };
		644BC15423D865F600EB3C6D /* ClientUITests.swift */ = {isa = PBXFileReference; lastKnownFileType = sourcecode.swift; path = ClientUITests.swift; sourceTree = "<group>"; };
		644BC15623D865F600EB3C6D /* Info.plist */ = {isa = PBXFileReference; lastKnownFileType = text.plist.xml; path = Info.plist; sourceTree = "<group>"; };
/* End PBXFileReference section */

/* Begin PBXFrameworksBuildPhase section */
		644BC13723D865F100EB3C6D /* Frameworks */ = {
			isa = PBXFrameworksBuildPhase;
			buildActionMask = 2147483647;
			files = (
			);
			runOnlyForDeploymentPostprocessing = 0;
		};
		644BC14D23D865F600EB3C6D /* Frameworks */ = {
			isa = PBXFrameworksBuildPhase;
			buildActionMask = 2147483647;
			files = (
			);
			runOnlyForDeploymentPostprocessing = 0;
		};
/* End PBXFrameworksBuildPhase section */

/* Begin PBXGroup section */
		644BC13123D865F100EB3C6D = {
			isa = PBXGroup;
			children = (
				644BC13C23D865F200EB3C6D /* Client */,
				644BC15323D865F600EB3C6D /* ClientUITests */,
				644BC13B23D865F200EB3C6D /* Products */,
			);
			sourceTree = "<group>";
		};
		644BC13B23D865F200EB3C6D /* Products */ = {
			isa = PBXGroup;
			children = (
				644BC13A23D865F200EB3C6D /* Client.app */,
				644BC15023D865F600EB3C6D /* ClientUITests.xctest */,
			);
			name = Products;
			sourceTree = "<group>";
		};
		644BC13C23D865F200EB3C6D /* Client */ = {
			isa = PBXGroup;
			children = (
				644BC13D23D865F200EB3C6D /* AppDelegate.swift */,
				644BC13F23D865F200EB3C6D /* SceneDelegate.swift */,
				644BC14123D865F200EB3C6D /* ViewController.swift */,
				644BC14323D865F200EB3C6D /* Main.storyboard */,
				644BC14623D865F500EB3C6D /* Assets.xcassets */,
				644BC14823D865F500EB3C6D /* LaunchScreen.storyboard */,
				644BC14B23D865F500EB3C6D /* Info.plist */,
			);
			path = Client;
			sourceTree = "<group>";
		};
		644BC15323D865F600EB3C6D /* ClientUITests */ = {
			isa = PBXGroup;
			children = (
				644BC15423D865F600EB3C6D /* ClientUITests.swift */,
				644BC15623D865F600EB3C6D /* Info.plist */,
			);
			path = ClientUITests;
			sourceTree = "<group>";
		};
/* End PBXGroup section */

/* Begin PBXNativeTarget section */
		644BC13923D865F100EB3C6D /* Client */ = {
			isa = PBXNativeTarget;
			buildConfigurationList = 644BC15923D865F600EB3C6D /* Build configuration list for PBXNativeTarget "Client" */;
			buildPhases = (
				644BC13623D865F100EB3C6D /* Sources */,
				644BC13723D865F100EB3C6D /* Frameworks */,
				644BC13823D865F100EB3C6D /* Resources */,
			);
			buildRules = (
			);
			dependencies = (
			);
			name = Client;
			productName = Client;
			productReference = 644BC13A23D865F200EB3C6D /* Client.app */;
			productType = "com.apple.product-type.application";
		};
		644BC14F23D865F600EB3C6D /* ClientUITests */ = {
			isa = PBXNativeTarget;
			buildConfigurationList = 644BC15C23D865F600EB3C6D /* Build configuration list for PBXNativeTarget "ClientUITests" */;
			buildPhases = (
				644BC14C23D865F600EB3C6D /* Sources */,
				644BC14D23D865F600EB3C6D /* Frameworks */,
				644BC14E23D865F600EB3C6D /* Resources */,
			);
			buildRules = (
			);
			dependencies = (
				644BC15223D865F600EB3C6D /* PBXTargetDependency */,
			);
			name = ClientUITests;
			productName = ClientUITests;
			productReference = 644BC15023D865F600EB3C6D /* ClientUITests.xctest */;
			productType = "com.apple.product-type.bundle.ui-testing";
		};
/* End PBXNativeTarget section */

/* Begin PBXProject section */
		644BC13223D865F100EB3C6D /* Project object */ = {
			isa = PBXProject;
			attributes = {
				LastSwiftUpdateCheck = 1110;
				LastUpgradeCheck = 1110;
				ORGANIZATIONNAME = "Nicoleta Tascu";
				TargetAttributes = {
					644BC13923D865F100EB3C6D = {
						CreatedOnToolsVersion = 11.1;
					};
					644BC14F23D865F600EB3C6D = {
						CreatedOnToolsVersion = 11.1;
						TestTargetID = 644BC13923D865F100EB3C6D;
					};
				};
			};
			buildConfigurationList = 644BC13523D865F100EB3C6D /* Build configuration list for PBXProject "Client" */;
			compatibilityVersion = "Xcode 9.3";
			developmentRegion = en;
			hasScannedForEncodings = 0;
			knownRegions = (
				en,
				Base,
			);
			mainGroup = 644BC13123D865F100EB3C6D;
			productRefGroup = 644BC13B23D865F200EB3C6D /* Products */;
			projectDirPath = "";
			projectRoot = "";
			targets = (
				644BC13923D865F100EB3C6D /* Client */,
				644BC14F23D865F600EB3C6D /* ClientUITests */,
			);
		};
/* End PBXProject section */

/* Begin PBXResourcesBuildPhase section */
		644BC13823D865F100EB3C6D /* Resources */ = {
			isa = PBXResourcesBuildPhase;
			buildActionMask = 2147483647;
			files = (
				644BC14A23D865F500EB3C6D /* LaunchScreen.storyboard in Resources */,
				644BC14723D865F500EB3C6D /* Assets.xcassets in Resources */,
				644BC14523D865F200EB3C6D /* Main.storyboard in Resources */,
			);
			runOnlyForDeploymentPostprocessing = 0;
		};
		644BC14E23D865F600EB3C6D /* Resources */ = {
			isa = PBXResourcesBuildPhase;
			buildActionMask = 2147483647;
			files = (
			);
			runOnlyForDeploymentPostprocessing = 0;
		};
/* End PBXResourcesBuildPhase section */

/* Begin PBXSourcesBuildPhase section */
		644BC13623D865F100EB3C6D /* Sources */ = {
			isa = PBXSourcesBuildPhase;
			buildActionMask = 2147483647;
			files = (
				644BC14223D865F200EB3C6D /* ViewController.swift in Sources */,
				644BC13E23D865F200EB3C6D /* AppDelegate.swift in Sources */,
				644BC14023D865F200EB3C6D /* SceneDelegate.swift in Sources */,
			);
			runOnlyForDeploymentPostprocessing = 0;
		};
		644BC14C23D865F600EB3C6D /* Sources */ = {
			isa = PBXSourcesBuildPhase;
			buildActionMask = 2147483647;
			files = (
				644BC15523D865F600EB3C6D /* ClientUITests.swift in Sources */,
			);
			runOnlyForDeploymentPostprocessing = 0;
		};
/* End PBXSourcesBuildPhase section */

/* Begin PBXTargetDependency section */
		644BC15223D865F600EB3C6D /* PBXTargetDependency */ = {
			isa = PBXTargetDependency;
			target = 644BC13923D865F100EB3C6D /* Client */;
			targetProxy = 644BC15123D865F600EB3C6D /* PBXContainerItemProxy */;
		};
/* End PBXTargetDependency section */

/* Begin PBXVariantGroup section */
		644BC14323D865F200EB3C6D /* Main.storyboard */ = {
			isa = PBXVariantGroup;
			children = (
				644BC14423D865F200EB3C6D /* Base */,
			);
			name = Main.storyboard;
			sourceTree = "<group>";
		};
		644BC14823D865F500EB3C6D /* LaunchScreen.storyboard */ = {
			isa = PBXVariantGroup;
			children = (
				644BC14923D865F500EB3C6D /* Base */,
			);
			name = LaunchScreen.storyboard;
			sourceTree = "<group>";
		};
/* End PBXVariantGroup section */

/* Begin XCBuildConfiguration section */
		644BC15723D865F600EB3C6D /* Debug */ = {
			isa = XCBuildConfiguration;
			buildSettings = {
				ALWAYS_SEARCH_USER_PATHS = NO;
				CLANG_ANALYZER_NONNULL = YES;
				CLANG_ANALYZER_NUMBER_OBJECT_CONVERSION = YES_AGGRESSIVE;
				CLANG_CXX_LANGUAGE_STANDARD = "gnu++14";
				CLANG_CXX_LIBRARY = "libc++";
				CLANG_ENABLE_MODULES = YES;
				CLANG_ENABLE_OBJC_ARC = YES;
				CLANG_ENABLE_OBJC_WEAK = YES;
				CLANG_WARN_BLOCK_CAPTURE_AUTORELEASING = YES;
				CLANG_WARN_BOOL_CONVERSION = YES;
				CLANG_WARN_COMMA = YES;
				CLANG_WARN_CONSTANT_CONVERSION = YES;
				CLANG_WARN_DEPRECATED_OBJC_IMPLEMENTATIONS = YES;
				CLANG_WARN_DIRECT_OBJC_ISA_USAGE = YES_ERROR;
				CLANG_WARN_DOCUMENTATION_COMMENTS = YES;
				CLANG_WARN_EMPTY_BODY = YES;
				CLANG_WARN_ENUM_CONVERSION = YES;
				CLANG_WARN_INFINITE_RECURSION = YES;
				CLANG_WARN_INT_CONVERSION = YES;
				CLANG_WARN_NON_LITERAL_NULL_CONVERSION = YES;
				CLANG_WARN_OBJC_IMPLICIT_RETAIN_SELF = YES;
				CLANG_WARN_OBJC_LITERAL_CONVERSION = YES;
				CLANG_WARN_OBJC_ROOT_CLASS = YES_ERROR;
				CLANG_WARN_RANGE_LOOP_ANALYSIS = YES;
				CLANG_WARN_STRICT_PROTOTYPES = YES;
				CLANG_WARN_SUSPICIOUS_MOVE = YES;
				CLANG_WARN_UNGUARDED_AVAILABILITY = YES_AGGRESSIVE;
				CLANG_WARN_UNREACHABLE_CODE = YES;
				CLANG_WARN__DUPLICATE_METHOD_MATCH = YES;
				COPY_PHASE_STRIP = NO;
				DEBUG_INFORMATION_FORMAT = dwarf;
				ENABLE_STRICT_OBJC_MSGSEND = YES;
				ENABLE_TESTABILITY = YES;
				GCC_C_LANGUAGE_STANDARD = gnu11;
				GCC_DYNAMIC_NO_PIC = NO;
				GCC_NO_COMMON_BLOCKS = YES;
				GCC_OPTIMIZATION_LEVEL = 0;
				GCC_PREPROCESSOR_DEFINITIONS = (
					"DEBUG=1",
					"$(inherited)",
				);
				GCC_WARN_64_TO_32_BIT_CONVERSION = YES;
				GCC_WARN_ABOUT_RETURN_TYPE = YES_ERROR;
				GCC_WARN_UNDECLARED_SELECTOR = YES;
				GCC_WARN_UNINITIALIZED_AUTOS = YES_AGGRESSIVE;
				GCC_WARN_UNUSED_FUNCTION = YES;
				GCC_WARN_UNUSED_VARIABLE = YES;
				IPHONEOS_DEPLOYMENT_TARGET = 13.1;
				MTL_ENABLE_DEBUG_INFO = INCLUDE_SOURCE;
				MTL_FAST_MATH = YES;
				ONLY_ACTIVE_ARCH = YES;
				SDKROOT = iphoneos;
				SWIFT_ACTIVE_COMPILATION_CONDITIONS = DEBUG;
				SWIFT_OPTIMIZATION_LEVEL = "-Onone";
			};
			name = Debug;
		};
		644BC15823D865F600EB3C6D /* Release */ = {
			isa = XCBuildConfiguration;
			buildSettings = {
				ALWAYS_SEARCH_USER_PATHS = NO;
				CLANG_ANALYZER_NONNULL = YES;
				CLANG_ANALYZER_NUMBER_OBJECT_CONVERSION = YES_AGGRESSIVE;
				CLANG_CXX_LANGUAGE_STANDARD = "gnu++14";
				CLANG_CXX_LIBRARY = "libc++";
				CLANG_ENABLE_MODULES = YES;
				CLANG_ENABLE_OBJC_ARC = YES;
				CLANG_ENABLE_OBJC_WEAK = YES;
				CLANG_WARN_BLOCK_CAPTURE_AUTORELEASING = YES;
				CLANG_WARN_BOOL_CONVERSION = YES;
				CLANG_WARN_COMMA = YES;
				CLANG_WARN_CONSTANT_CONVERSION = YES;
				CLANG_WARN_DEPRECATED_OBJC_IMPLEMENTATIONS = YES;
				CLANG_WARN_DIRECT_OBJC_ISA_USAGE = YES_ERROR;
				CLANG_WARN_DOCUMENTATION_COMMENTS = YES;
				CLANG_WARN_EMPTY_BODY = YES;
				CLANG_WARN_ENUM_CONVERSION = YES;
				CLANG_WARN_INFINITE_RECURSION = YES;
				CLANG_WARN_INT_CONVERSION = YES;
				CLANG_WARN_NON_LITERAL_NULL_CONVERSION = YES;
				CLANG_WARN_OBJC_IMPLICIT_RETAIN_SELF = YES;
				CLANG_WARN_OBJC_LITERAL_CONVERSION = YES;
				CLANG_WARN_OBJC_ROOT_CLASS = YES_ERROR;
				CLANG_WARN_RANGE_LOOP_ANALYSIS = YES;
				CLANG_WARN_STRICT_PROTOTYPES = YES;
				CLANG_WARN_SUSPICIOUS_MOVE = YES;
				CLANG_WARN_UNGUARDED_AVAILABILITY = YES_AGGRESSIVE;
				CLANG_WARN_UNREACHABLE_CODE = YES;
				CLANG_WARN__DUPLICATE_METHOD_MATCH = YES;
				COPY_PHASE_STRIP = NO;
				DEBUG_INFORMATION_FORMAT = "dwarf-with-dsym";
				ENABLE_NS_ASSERTIONS = NO;
				ENABLE_STRICT_OBJC_MSGSEND = YES;
				GCC_C_LANGUAGE_STANDARD = gnu11;
				GCC_NO_COMMON_BLOCKS = YES;
				GCC_WARN_64_TO_32_BIT_CONVERSION = YES;
				GCC_WARN_ABOUT_RETURN_TYPE = YES_ERROR;
				GCC_WARN_UNDECLARED_SELECTOR = YES;
				GCC_WARN_UNINITIALIZED_AUTOS = YES_AGGRESSIVE;
				GCC_WARN_UNUSED_FUNCTION = YES;
				GCC_WARN_UNUSED_VARIABLE = YES;
				IPHONEOS_DEPLOYMENT_TARGET = 13.1;
				MTL_ENABLE_DEBUG_INFO = NO;
				MTL_FAST_MATH = YES;
				SDKROOT = iphoneos;
				SWIFT_COMPILATION_MODE = wholemodule;
				SWIFT_OPTIMIZATION_LEVEL = "-O";
				VALIDATE_PRODUCT = YES;
			};
			name = Release;
		};
		644BC15A23D865F600EB3C6D /* Debug */ = {
			isa = XCBuildConfiguration;
			buildSettings = {
				ASSETCATALOG_COMPILER_APPICON_NAME = AppIcon;
				CODE_SIGN_STYLE = Automatic;
				DEVELOPMENT_TEAM = 5NGY2J4D3S;
				INFOPLIST_FILE = Client/Info.plist;
				LD_RUNPATH_SEARCH_PATHS = (
					"$(inherited)",
					"@executable_path/Frameworks",
				);
				PRODUCT_BUNDLE_IDENTIFIER = nicoleta.Client;
				PRODUCT_NAME = "$(TARGET_NAME)";
				SWIFT_VERSION = 5.0;
				TARGETED_DEVICE_FAMILY = "1,2";
			};
			name = Debug;
		};
		644BC15B23D865F600EB3C6D /* Release */ = {
			isa = XCBuildConfiguration;
			buildSettings = {
				ASSETCATALOG_COMPILER_APPICON_NAME = AppIcon;
				CODE_SIGN_STYLE = Automatic;
				DEVELOPMENT_TEAM = 5NGY2J4D3S;
				INFOPLIST_FILE = Client/Info.plist;
				LD_RUNPATH_SEARCH_PATHS = (
					"$(inherited)",
					"@executable_path/Frameworks",
				);
				PRODUCT_BUNDLE_IDENTIFIER = nicoleta.Client;
				PRODUCT_NAME = "$(TARGET_NAME)";
				SWIFT_VERSION = 5.0;
				TARGETED_DEVICE_FAMILY = "1,2";
			};
			name = Release;
		};
		644BC15D23D865F600EB3C6D /* Debug */ = {
			isa = XCBuildConfiguration;
			buildSettings = {
				ALWAYS_EMBED_SWIFT_STANDARD_LIBRARIES = YES;
				CODE_SIGN_STYLE = Automatic;
				DEVELOPMENT_TEAM = 5NGY2J4D3S;
				INFOPLIST_FILE = ClientUITests/Info.plist;
				LD_RUNPATH_SEARCH_PATHS = (
					"$(inherited)",
					"@executable_path/Frameworks",
					"@loader_path/Frameworks",
				);
				PRODUCT_BUNDLE_IDENTIFIER = nicoleta.ClientUITests;
				PRODUCT_NAME = "$(TARGET_NAME)";
				SWIFT_VERSION = 5.0;
				TARGETED_DEVICE_FAMILY = "1,2";
				TEST_TARGET_NAME = Client;
			};
			name = Debug;
		};
		644BC15E23D865F600EB3C6D /* Release */ = {
			isa = XCBuildConfiguration;
			buildSettings = {
				ALWAYS_EMBED_SWIFT_STANDARD_LIBRARIES = YES;
				CODE_SIGN_STYLE = Automatic;
				DEVELOPMENT_TEAM = 5NGY2J4D3S;
				INFOPLIST_FILE = ClientUITests/Info.plist;
				LD_RUNPATH_SEARCH_PATHS = (
					"$(inherited)",
					"@executable_path/Frameworks",
					"@loader_path/Frameworks",
				);
				PRODUCT_BUNDLE_IDENTIFIER = nicoleta.ClientUITests;
				PRODUCT_NAME = "$(TARGET_NAME)";
				SWIFT_VERSION = 5.0;
				TARGETED_DEVICE_FAMILY = "1,2";
				TEST_TARGET_NAME = Client;
			};
			name = Release;
		};
/* End XCBuildConfiguration section */

/* Begin XCConfigurationList section */
		644BC13523D865F100EB3C6D /* Build configuration list for PBXProject "Client" */ = {
			isa = XCConfigurationList;
			buildConfigurations = (
				644BC15723D865F600EB3C6D /* Debug */,
				644BC15823D865F600EB3C6D /* Release */,
			);
			defaultConfigurationIsVisible = 0;
			defaultConfigurationName = Release;
		};
		644BC15923D865F600EB3C6D /* Build configuration list for PBXNativeTarget "Client" */ = {
			isa = XCConfigurationList;
			buildConfigurations = (
				644BC15A23D865F600EB3C6D /* Debug */,
				644BC15B23D865F600EB3C6D /* Release */,
			);
			defaultConfigurationIsVisible = 0;
			defaultConfigurationName = Release;
		};
		644BC15C23D865F600EB3C6D /* Build configuration list for PBXNativeTarget "ClientUITests" */ = {
			isa = XCConfigurationList;
			buildConfigurations = (
				644BC15D23D865F600EB3C6D /* Debug */,
				644BC15E23D865F600EB3C6D /* Release */,
			);
			defaultConfigurationIsVisible = 0;
			defaultConfigurationName = Release;
		};
/* End XCConfigurationList section */
	};
	rootObject = 644BC13223D865F100EB3C6D /* Project object */;
}
